
Microsoft Visual Studio Solution File, Format Version 12.00
# Visual Studio 15
VisualStudioVersion = 15.0.28010.2026
MinimumVisualStudioVersion = 10.0.40219.1
Project("{FAE04EC0-301F-11D3-BF4B-00C04F79EFBC}") = "Wenwen Cheng Hello Git", "Wenwen Cheng Hello Git\Wenwen Cheng Hello Git.csproj", "{F38B4B1D-BA93-4F9E-99C1-1BEF6E5C51B2}"
EndProject
Global
	GlobalSection(SolutionConfigurationPlatforms) = preSolution
		Debug|Any CPU = Debug|Any CPU
		Release|Any CPU = Release|Any CPU
	EndGlobalSection
	GlobalSection(ProjectConfigurationPlatforms) = postSolution
		{F38B4B1D-BA93-4F9E-99C1-1BEF6E5C51B2}.Debug|Any CPU.ActiveCfg = Debug|Any CPU
		{F38B4B1D-BA93-4F9E-99C1-1BEF6E5C51B2}.Debug|Any CPU.Build.0 = Debug|Any CPU
		{F38B4B1D-BA93-4F9E-99C1-1BEF6E5C51B2}.Release|Any CPU.ActiveCfg = Release|Any CPU
		{F38B4B1D-BA93-4F9E-99C1-1BEF6E5C51B2}.Release|Any CPU.Build.0 = Release|Any CPU
	EndGlobalSection
	GlobalSection(SolutionProperties) = preSolution
		HideSolutionNode = FALSE
	EndGlobalSection
	GlobalSection(ExtensibilityGlobals) = postSolution
		SolutionGuid = {7BC9AE61-72BA-4915-BD0B-16DACB9742AC}
	EndGlobalSection
EndGlobal
